
Microsoft Visual Studio Solution File, Format Version 12.00
# Visual Studio 14
VisualStudioVersion = 14.0.23107.0
MinimumVisualStudioVersion = 10.0.40219.1
Project("{FAE04EC0-301F-11D3-BF4B-00C04F79EFBC}") = "LudumDare32", "LudumDare32\LudumDare32.csproj", "{8090D0B8-1347-4650-8B0E-C774D1E7FCF8}"
EndProject
Project("{FAE04EC0-301F-11D3-BF4B-00C04F79EFBC}") = "AtriLib2", "G:\TMP\Atrice\AtriLib2\AtriLib2.csproj", "{0B04BDC4-BD20-4B28-B577-E78BAE5A179D}"
EndProject
Project("{FAE04EC0-301F-11D3-BF4B-00C04F79EFBC}") = "APEngine", "APEngine\APEngine.csproj", "{FFE5C731-7F9C-4EB0-A278-440EBB456424}"
EndProject
Project("{FAE04EC0-301F-11D3-BF4B-00C04F79EFBC}") = "ObjectManager", "ObjectManager\ObjectManager.csproj", "{46D3EA25-1301-4802-B5E2-C920900C6331}"
EndProject
Global
	GlobalSection(SolutionConfigurationPlatforms) = preSolution
		Debug|Any CPU = Debug|Any CPU
		Debug|Mixed Platforms = Debug|Mixed Platforms
		Debug|x86 = Debug|x86
		Release|Any CPU = Release|Any CPU
		Release|Mixed Platforms = Release|Mixed Platforms
		Release|x86 = Release|x86
	EndGlobalSection
	GlobalSection(ProjectConfigurationPlatforms) = postSolution
		{8090D0B8-1347-4650-8B0E-C774D1E7FCF8}.Debug|Any CPU.ActiveCfg = Debug|x86
		{8090D0B8-1347-4650-8B0E-C774D1E7FCF8}.Debug|Mixed Platforms.ActiveCfg = Debug|x86
		{8090D0B8-1347-4650-8B0E-C774D1E7FCF8}.Debug|Mixed Platforms.Build.0 = Debug|x86
		{8090D0B8-1347-4650-8B0E-C774D1E7FCF8}.Debug|x86.ActiveCfg = Debug|x86
		{8090D0B8-1347-4650-8B0E-C774D1E7FCF8}.Debug|x86.Build.0 = Debug|x86
		{8090D0B8-1347-4650-8B0E-C774D1E7FCF8}.Release|Any CPU.ActiveCfg = Release|x86
		{8090D0B8-1347-4650-8B0E-C774D1E7FCF8}.Release|Mixed Platforms.ActiveCfg = Release|x86
		{8090D0B8-1347-4650-8B0E-C774D1E7FCF8}.Release|Mixed Platforms.Build.0 = Release|x86
		{8090D0B8-1347-4650-8B0E-C774D1E7FCF8}.Release|x86.ActiveCfg = Release|x86
		{8090D0B8-1347-4650-8B0E-C774D1E7FCF8}.Release|x86.Build.0 = Release|x86
		{0B04BDC4-BD20-4B28-B577-E78BAE5A179D}.Debug|Any CPU.ActiveCfg = Debug|Any CPU
		{0B04BDC4-BD20-4B28-B577-E78BAE5A179D}.Debug|Any CPU.Build.0 = Debug|Any CPU
		{0B04BDC4-BD20-4B28-B577-E78BAE5A179D}.Debug|Mixed Platforms.ActiveCfg = Debug|Any CPU
		{0B04BDC4-BD20-4B28-B577-E78BAE5A179D}.Debug|Mixed Platforms.Build.0 = Debug|Any CPU
		{0B04BDC4-BD20-4B28-B577-E78BAE5A179D}.Debug|x86.ActiveCfg = Debug|Any CPU
		{0B04BDC4-BD20-4B28-B577-E78BAE5A179D}.Release|Any CPU.ActiveCfg = Release|Any CPU
		{0B04BDC4-BD20-4B28-B577-E78BAE5A179D}.Release|Any CPU.Build.0 = Release|Any CPU
		{0B04BDC4-BD20-4B28-B577-E78BAE5A179D}.Release|Mixed Platforms.ActiveCfg = Release|Any CPU
		{0B04BDC4-BD20-4B28-B577-E78BAE5A179D}.Release|Mixed Platforms.Build.0 = Release|Any CPU
		{0B04BDC4-BD20-4B28-B577-E78BAE5A179D}.Release|x86.ActiveCfg = Release|Any CPU
		{FFE5C731-7F9C-4EB0-A278-440EBB456424}.Debug|Any CPU.ActiveCfg = Debug|Any CPU
		{FFE5C731-7F9C-4EB0-A278-440EBB456424}.Debug|Any CPU.Build.0 = Debug|Any CPU
		{FFE5C731-7F9C-4EB0-A278-440EBB456424}.Debug|Mixed Platforms.ActiveCfg = Debug|Any CPU
		{FFE5C731-7F9C-4EB0-A278-440EBB456424}.Debug|Mixed Platforms.Build.0 = Debug|Any CPU
		{FFE5C731-7F9C-4EB0-A278-440EBB456424}.Debug|x86.ActiveCfg = Debug|Any CPU
		{FFE5C731-7F9C-4EB0-A278-440EBB456424}.Debug|x86.Build.0 = Debug|Any CPU
		{FFE5C731-7F9C-4EB0-A278-440EBB456424}.Release|Any CPU.ActiveCfg = Release|Any CPU
		{FFE5C731-7F9C-4EB0-A278-440EBB456424}.Release|Any CPU.Build.0 = Release|Any CPU
		{FFE5C731-7F9C-4EB0-A278-440EBB456424}.Release|Mixed Platforms.ActiveCfg = Release|Any CPU
		{FFE5C731-7F9C-4EB0-A278-440EBB456424}.Release|Mixed Platforms.Build.0 = Release|Any CPU
		{FFE5C731-7F9C-4EB0-A278-440EBB456424}.Release|x86.ActiveCfg = Release|Any CPU
		{FFE5C731-7F9C-4EB0-A278-440EBB456424}.Release|x86.Build.0 = Release|Any CPU
		{46D3EA25-1301-4802-B5E2-C920900C6331}.Debug|Any CPU.ActiveCfg = Debug|Any CPU
		{46D3EA25-1301-4802-B5E2-C920900C6331}.Debug|Any CPU.Build.0 = Debug|Any CPU
		{46D3EA25-1301-4802-B5E2-C920900C6331}.Debug|Mixed Platforms.ActiveCfg = Debug|Any CPU
		{46D3EA25-1301-4802-B5E2-C920900C6331}.Debug|Mixed Platforms.Build.0 = Debug|Any CPU
		{46D3EA25-1301-4802-B5E2-C920900C6331}.Debug|x86.ActiveCfg = Debug|Any CPU
		{46D3EA25-1301-4802-B5E2-C920900C6331}.Debug|x86.Build.0 = Debug|Any CPU
		{46D3EA25-1301-4802-B5E2-C920900C6331}.Release|Any CPU.ActiveCfg = Release|Any CPU
		{46D3EA25-1301-4802-B5E2-C920900C6331}.Release|Any CPU.Build.0 = Release|Any CPU
		{46D3EA25-1301-4802-B5E2-C920900C6331}.Release|Mixed Platforms.ActiveCfg = Release|Any CPU
		{46D3EA25-1301-4802-B5E2-C920900C6331}.Release|Mixed Platforms.Build.0 = Release|Any CPU
		{46D3EA25-1301-4802-B5E2-C920900C6331}.Release|x86.ActiveCfg = Release|Any CPU
		{46D3EA25-1301-4802-B5E2-C920900C6331}.Release|x86.Build.0 = Release|Any CPU
	EndGlobalSection
	GlobalSection(SolutionProperties) = preSolution
		HideSolutionNode = FALSE
	EndGlobalSection
EndGlobal
